
Microsoft Visual Studio Solution File, Format Version 12.00
# Visual Studio Version 16
VisualStudioVersion = 16.0.32002.261
MinimumVisualStudioVersion = 10.0.40219.1
Project("{FAE04EC0-301F-11D3-BF4B-00C04F79EFBC}") = "Ağaç Veri Modeli Projesi", "Ağaç Veri Modeli Projesi\Ağaç Veri Modeli Projesi.csproj", "{1FBCC662-9E3B-44D9-B24D-13EC223CF87A}"
EndProject
Global
	GlobalSection(SolutionConfigurationPlatforms) = preSolution
		Debug|Any CPU = Debug|Any CPU
		Release|Any CPU = Release|Any CPU
	EndGlobalSection
	GlobalSection(ProjectConfigurationPlatforms) = postSolution
		{1FBCC662-9E3B-44D9-B24D-13EC223CF87A}.Debug|Any CPU.ActiveCfg = Debug|Any CPU
		{1FBCC662-9E3B-44D9-B24D-13EC223CF87A}.Debug|Any CPU.Build.0 = Debug|Any CPU
		{1FBCC662-9E3B-44D9-B24D-13EC223CF87A}.Release|Any CPU.ActiveCfg = Release|Any CPU
		{1FBCC662-9E3B-44D9-B24D-13EC223CF87A}.Release|Any CPU.Build.0 = Release|Any CPU
	EndGlobalSection
	GlobalSection(SolutionProperties) = preSolution
		HideSolutionNode = FALSE
	EndGlobalSection
	GlobalSection(ExtensibilityGlobals) = postSolution
		SolutionGuid = {FDDE2AA9-6F18-42DA-9151-7978A606D596}
	EndGlobalSection
EndGlobal
